
Microsoft Visual Studio Solution File, Format Version 12.00
# Visual Studio Version 16
VisualStudioVersion = 16.0.30804.86
MinimumVisualStudioVersion = 10.0.40219.1
Project("{FAE04EC0-301F-11D3-BF4B-00C04F79EFBC}") = "AdanSuarez", "AdanSuarez.csproj", "{1DFC3A50-30D4-4118-B705-0297FF1F47CC}"
EndProject
Global
	GlobalSection(SolutionConfigurationPlatforms) = preSolution
		Debug|Any CPU = Debug|Any CPU
		Release|Any CPU = Release|Any CPU
	EndGlobalSection
	GlobalSection(ProjectConfigurationPlatforms) = postSolution
		{1DFC3A50-30D4-4118-B705-0297FF1F47CC}.Debug|Any CPU.ActiveCfg = Debug|Any CPU
		{1DFC3A50-30D4-4118-B705-0297FF1F47CC}.Debug|Any CPU.Build.0 = Debug|Any CPU
		{1DFC3A50-30D4-4118-B705-0297FF1F47CC}.Release|Any CPU.ActiveCfg = Release|Any CPU
		{1DFC3A50-30D4-4118-B705-0297FF1F47CC}.Release|Any CPU.Build.0 = Release|Any CPU
	EndGlobalSection
	GlobalSection(SolutionProperties) = preSolution
		HideSolutionNode = FALSE
	EndGlobalSection
	GlobalSection(ExtensibilityGlobals) = postSolution
		SolutionGuid = {458ADB9A-7741-4A6D-81ED-3F0A8FB64928}
	EndGlobalSection
EndGlobal
